[{<<"cowboy">>,
  {git,"https://github.com/ninenines/cowboy",
       {ref,"0223f69fcd2252a4b686b2815e6ee287b1484551"}},
  0},
 {<<"cowlib">>,
  {git,"https://github.com/ninenines/cowlib",
       {ref,"8588724cf91ddbb53b9c35ed665866556b217323"}},
  1},
 {<<"goldrush">>,{pkg,<<"goldrush">>,<<"0.1.9">>},1},
 {<<"lager">>,
  {git,"https://github.com/erlang-lager/lager",
       {ref,"ecb78c54cff72bb34cdacf19fd02d2eda4114ecc"}},
  0},
 {<<"oneup">>,
  {git,"https://github.com/andytill/oneup",
       {ref,"cc747aafa75715395ef177ee904066896fa15ae5"}},
  0},
 {<<"ranch">>,
  {git,"https://github.com/ninenines/ranch",
       {ref,"7423a7bb6dde5edc26283544956ae7387fa69688"}},
  1}].
